
Microsoft Visual Studio Solution File, Format Version 12.00
# Visual Studio 15
VisualStudioVersion = 15.0.28010.2026
MinimumVisualStudioVersion = 10.0.40219.1
Project("{FAE04EC0-301F-11D3-BF4B-00C04F79EFBC}") = "Uppgift-3-TextAdventure", "Uppgift 3 - TextAdventure\Uppgift-3-TextAdventure.csproj", "{D869B873-66B4-4F6E-AF70-177B1D4AC561}"
EndProject
Global
	GlobalSection(SolutionConfigurationPlatforms) = preSolution
		Debug|Any CPU = Debug|Any CPU
		Release|Any CPU = Release|Any CPU
	EndGlobalSection
	GlobalSection(ProjectConfigurationPlatforms) = postSolution
		{D869B873-66B4-4F6E-AF70-177B1D4AC561}.Debug|Any CPU.ActiveCfg = Debug|Any CPU
		{D869B873-66B4-4F6E-AF70-177B1D4AC561}.Debug|Any CPU.Build.0 = Debug|Any CPU
		{D869B873-66B4-4F6E-AF70-177B1D4AC561}.Release|Any CPU.ActiveCfg = Release|Any CPU
		{D869B873-66B4-4F6E-AF70-177B1D4AC561}.Release|Any CPU.Build.0 = Release|Any CPU
	EndGlobalSection
	GlobalSection(SolutionProperties) = preSolution
		HideSolutionNode = FALSE
	EndGlobalSection
	GlobalSection(ExtensibilityGlobals) = postSolution
		SolutionGuid = {9446A7EE-EBD6-4CFE-9B92-8687E3341ABD}
	EndGlobalSection
EndGlobal
